// !$*UTF8*$!
{
	archiveVersion = 1;
	classes = {
	};
	objectVersion = 50;
	objects = {

/* Begin PBXBuildFile section */
		B76A75CB2391FF9700F6CC76 /* AppDelegate.m in Sources */ = {isa = PBXBuildFile; fileRef = B76A75CA2391FF9700F6CC76 /* AppDelegate.m */; };
		B76A75CE2391FF9700F6CC76 /* ViewController.m in Sources */ = {isa = PBXBuildFile; fileRef = B76A75CD2391FF9700F6CC76 /* ViewController.m */; };
		B76A75D12391FF9700F6CC76 /* Main.storyboard in Resources */ = {isa = PBXBuildFile; fileRef = B76A75CF2391FF9700F6CC76 /* Main.storyboard */; };
		B76A75D32391FFA700F6CC76 /* Assets.xcassets in Resources */ = {isa = PBXBuildFile; fileRef = B76A75D22391FFA700F6CC76 /* Assets.xcassets */; };
		B76A75D62391FFA700F6CC76 /* LaunchScreen.storyboard in Resources */ = {isa = PBXBuildFile; fileRef = B76A75D42391FFA700F6CC76 /* LaunchScreen.storyboard */; };
		B76A75D92391FFA700F6CC76 /* main.m in Sources */ = {isa = PBXBuildFile; fileRef = B76A75D82391FFA700F6CC76 /* main.m */; };
		B76A75E32391FFA700F6CC76 /* ClockViewTests.m in Sources */ = {isa = PBXBuildFile; fileRef = B76A75E22391FFA700F6CC76 /* ClockViewTests.m */; };
		B76A75EE2391FFA700F6CC76 /* ClockViewUITests.m in Sources */ = {isa = PBXBuildFile; fileRef = B76A75ED2391FFA700F6CC76 /* ClockViewUITests.m */; };
		B76A76012392734B00F6CC76 /* ClockView.m in Sources */ = {isa = PBXBuildFile; fileRef = B76A76002392734B00F6CC76 /* ClockView.m */; };
/* End PBXBuildFile section */

/* Begin PBXContainerItemProxy section */
		B76A75DF2391FFA700F6CC76 /* PBXContainerItemProxy */ = {
			isa = PBXContainerItemProxy;
			containerPortal = B76A75BE2391FF9700F6CC76 /* Project object */;
			proxyType = 1;
			remoteGlobalIDString = B76A75C52391FF9700F6CC76;
			remoteInfo = ClockView;
		};
		B76A75EA2391FFA700F6CC76 /* PBXContainerItemProxy */ = {
			isa = PBXContainerItemProxy;
			containerPortal = B76A75BE2391FF9700F6CC76 /* Project object */;
			proxyType = 1;
			remoteGlobalIDString = B76A75C52391FF9700F6CC76;
			remoteInfo = ClockView;
		};
/* End PBXContainerItemProxy section */

/* Begin PBXFileReference section */
		B76A75C62391FF9700F6CC76 /* ClockView.app */ = {isa = PBXFileReference; explicitFileType = wrapper.application; includeInIndex = 0; path = ClockView.app; sourceTree = BUILT_PRODUCTS_DIR; };
		B76A75C92391FF9700F6CC76 /* AppDelegate.h */ = {isa = PBXFileReference; lastKnownFileType = sourcecode.c.h; path = AppDelegate.h; sourceTree = "<group>"; };
		B76A75CA2391FF9700F6CC76 /* AppDelegate.m */ = {isa = PBXFileReference; lastKnownFileType = sourcecode.c.objc; path = AppDelegate.m; sourceTree = "<group>"; };
		B76A75CC2391FF9700F6CC76 /* ViewController.h */ = {isa = PBXFileReference; lastKnownFileType = sourcecode.c.h; path = ViewController.h; sourceTree = "<group>"; };
		B76A75CD2391FF9700F6CC76 /* ViewController.m */ = {isa = PBXFileReference; lastKnownFileType = sourcecode.c.objc; path = ViewController.m; sourceTree = "<group>"; };
		B76A75D02391FF9700F6CC76 /* Base */ = {isa = PBXFileReference; lastKnownFileType = file.storyboard; name = Base; path = Base.lproj/Main.storyboard; sourceTree = "<group>"; };
		B76A75D22391FFA700F6CC76 /* Assets.xcassets */ = {isa = PBXFileReference; lastKnownFileType = folder.assetcatalog; path = Assets.xcassets; sourceTree = "<group>"; };
		B76A75D52391FFA700F6CC76 /* Base */ = {isa = PBXFileReference; lastKnownFileType = file.storyboard; name = Base; path = Base.lproj/LaunchScreen.storyboard; sourceTree = "<group>"; };
		B76A75D72391FFA700F6CC76 /* Info.plist */ = {isa = PBXFileReference; lastKnownFileType = text.plist.xml; path = Info.plist; sourceTree = "<group>"; };
		B76A75D82391FFA700F6CC76 /* main.m */ = {isa = PBXFileReference; lastKnownFileType = sourcecode.c.objc; path = main.m; sourceTree = "<group>"; };
		B76A75DE2391FFA700F6CC76 /* ClockViewTests.xctest */ = {isa = PBXFileReference; explicitFileType = wrapper.cfbundle; includeInIndex = 0; path = ClockViewTests.xctest; sourceTree = BUILT_PRODUCTS_DIR; };
		B76A75E22391FFA700F6CC76 /* ClockViewTests.m */ = {isa = PBXFileReference; lastKnownFileType = sourcecode.c.objc; path = ClockViewTests.m; sourceTree = "<group>"; };
		B76A75E42391FFA700F6CC76 /* Info.plist */ = {isa = PBXFileReference; lastKnownFileType = text.plist.xml; path = Info.plist; sourceTree = "<group>"; };
		B76A75E92391FFA700F6CC76 /* ClockViewUITests.xctest */ = {isa = PBXFileReference; explicitFileType = wrapper.cfbundle; includeInIndex = 0; path = ClockViewUITests.xctest; sourceTree = BUILT_PRODUCTS_DIR; };
		B76A75ED2391FFA700F6CC76 /* ClockViewUITests.m */ = {isa = PBXFileReference; lastKnownFileType = sourcecode.c.objc; path = ClockViewUITests.m; sourceTree = "<group>"; };
		B76A75EF2391FFA700F6CC76 /* Info.plist */ = {isa = PBXFileReference; lastKnownFileType = text.plist.xml; path = Info.plist; sourceTree = "<group>"; };
		B76A75FF2392734B00F6CC76 /* ClockView.h */ = {isa = PBXFileReference; lastKnownFileType = sourcecode.c.h; path = ClockView.h; sourceTree = "<group>"; };
		B76A76002392734B00F6CC76 /* ClockView.m */ = {isa = PBXFileReference; lastKnownFileType = sourcecode.c.objc; path = ClockView.m; sourceTree = "<group>"; };
/* End PBXFileReference section */

/* Begin PBXFrameworksBuildPhase section */
		B76A75C32391FF9700F6CC76 /* Frameworks */ = {
			isa = PBXFrameworksBuildPhase;
			buildActionMask = 2147483647;
			files = (
			);
			runOnlyForDeploymentPostprocessing = 0;
		};
		B76A75DB2391FFA700F6CC76 /* Frameworks */ = {
			isa = PBXFrameworksBuildPhase;
			buildActionMask = 2147483647;
			files = (
			);
			runOnlyForDeploymentPostprocessing = 0;
		};
		B76A75E62391FFA700F6CC76 /* Frameworks */ = {
			isa = PBXFrameworksBuildPhase;
			buildActionMask = 2147483647;
			files = (
			);
			runOnlyForDeploymentPostprocessing = 0;
		};
/* End PBXFrameworksBuildPhase section */

/* Begin PBXGroup section */
		B76A75BD2391FF9600F6CC76 = {
			isa = PBXGroup;
			children = (
				B76A75C82391FF9700F6CC76 /* ClockView */,
				B76A75E12391FFA700F6CC76 /* ClockViewTests */,
				B76A75EC2391FFA700F6CC76 /* ClockViewUITests */,
				B76A75C72391FF9700F6CC76 /* Products */,
			);
			sourceTree = "<group>";
		};
		B76A75C72391FF9700F6CC76 /* Products */ = {
			isa = PBXGroup;
			children = (
				B76A75C62391FF9700F6CC76 /* ClockView.app */,
				B76A75DE2391FFA700F6CC76 /* ClockViewTests.xctest */,
				B76A75E92391FFA700F6CC76 /* ClockViewUITests.xctest */,
			);
			name = Products;
			sourceTree = "<group>";
		};
		B76A75C82391FF9700F6CC76 /* ClockView */ = {
			isa = PBXGroup;
			children = (
				B76A75C92391FF9700F6CC76 /* AppDelegate.h */,
				B76A75CA2391FF9700F6CC76 /* AppDelegate.m */,
				B76A75FF2392734B00F6CC76 /* ClockView.h */,
				B76A76002392734B00F6CC76 /* ClockView.m */,
				B76A75CC2391FF9700F6CC76 /* ViewController.h */,
				B76A75CD2391FF9700F6CC76 /* ViewController.m */,
				B76A75CF2391FF9700F6CC76 /* Main.storyboard */,
				B76A75D22391FFA700F6CC76 /* Assets.xcassets */,
				B76A75D42391FFA700F6CC76 /* LaunchScreen.storyboard */,
				B76A75D72391FFA700F6CC76 /* Info.plist */,
				B76A75D82391FFA700F6CC76 /* main.m */,
			);
			path = ClockView;
			sourceTree = "<group>";
		};
		B76A75E12391FFA700F6CC76 /* ClockViewTests */ = {
			isa = PBXGroup;
			children = (
				B76A75E22391FFA700F6CC76 /* ClockViewTests.m */,
				B76A75E42391FFA700F6CC76 /* Info.plist */,
			);
			path = ClockViewTests;
			sourceTree = "<group>";
		};
		B76A75EC2391FFA700F6CC76 /* ClockViewUITests */ = {
			isa = PBXGroup;
			children = (
				B76A75ED2391FFA700F6CC76 /* ClockViewUITests.m */,
				B76A75EF2391FFA700F6CC76 /* Info.plist */,
			);
			path = ClockViewUITests;
			sourceTree = "<group>";
		};
/* End PBXGroup section */

/* Begin PBXNativeTarget section */
		B76A75C52391FF9700F6CC76 /* ClockView */ = {
			isa = PBXNativeTarget;
			buildConfigurationList = B76A75F22391FFA700F6CC76 /* Build configuration list for PBXNativeTarget "ClockView" */;
			buildPhases = (
				B76A75C22391FF9700F6CC76 /* Sources */,
				B76A75C32391FF9700F6CC76 /* Frameworks */,
				B76A75C42391FF9700F6CC76 /* Resources */,
			);
			buildRules = (
			);
			dependencies = (
			);
			name = ClockView;
			productName = ClockView;
			productReference = B76A75C62391FF9700F6CC76 /* ClockView.app */;
			productType = "com.apple.product-type.application";
		};
		B76A75DD2391FFA700F6CC76 /* ClockViewTests */ = {
			isa = PBXNativeTarget;
			buildConfigurationList = B76A75F52391FFA700F6CC76 /* Build configuration list for PBXNativeTarget "ClockViewTests" */;
			buildPhases = (
				B76A75DA2391FFA700F6CC76 /* Sources */,
				B76A75DB2391FFA700F6CC76 /* Frameworks */,
				B76A75DC2391FFA700F6CC76 /* Resources */,
			);
			buildRules = (
			);
			dependencies = (
				B76A75E02391FFA700F6CC76 /* PBXTargetDependency */,
			);
			name = ClockViewTests;
			productName = ClockViewTests;
			productReference = B76A75DE2391FFA700F6CC76 /* ClockViewTests.xctest */;
			productType = "com.apple.product-type.bundle.unit-test";
		};
		B76A75E82391FFA700F6CC76 /* ClockViewUITests */ = {
			isa = PBXNativeTarget;
			buildConfigurationList = B76A75F82391FFA700F6CC76 /* Build configuration list for PBXNativeTarget "ClockViewUITests" */;
			buildPhases = (
				B76A75E52391FFA700F6CC76 /* Sources */,
				B76A75E62391FFA700F6CC76 /* Frameworks */,
				B76A75E72391FFA700F6CC76 /* Resources */,
			);
			buildRules = (
			);
			dependencies = (
				B76A75EB2391FFA700F6CC76 /* PBXTargetDependency */,
			);
			name = ClockViewUITests;
			productName = ClockViewUITests;
			productReference = B76A75E92391FFA700F6CC76 /* ClockViewUITests.xctest */;
			productType = "com.apple.product-type.bundle.ui-testing";
		};
/* End PBXNativeTarget section */

/* Begin PBXProject section */
		B76A75BE2391FF9700F6CC76 /* Project object */ = {
			isa = PBXProject;
			attributes = {
				LastUpgradeCheck = 1010;
				ORGANIZATIONNAME = changho;
				TargetAttributes = {
					B76A75C52391FF9700F6CC76 = {
						CreatedOnToolsVersion = 10.1;
					};
					B76A75DD2391FFA700F6CC76 = {
						CreatedOnToolsVersion = 10.1;
						TestTargetID = B76A75C52391FF9700F6CC76;
					};
					B76A75E82391FFA700F6CC76 = {
						CreatedOnToolsVersion = 10.1;
						TestTargetID = B76A75C52391FF9700F6CC76;
					};
				};
			};
			buildConfigurationList = B76A75C12391FF9700F6CC76 /* Build configuration list for PBXProject "ClockView" */;
			compatibilityVersion = "Xcode 9.3";
			developmentRegion = en;
			hasScannedForEncodings = 0;
			knownRegions = (
				en,
				Base,
			);
			mainGroup = B76A75BD2391FF9600F6CC76;
			productRefGroup = B76A75C72391FF9700F6CC76 /* Products */;
			projectDirPath = "";
			projectRoot = "";
			targets = (
				B76A75C52391FF9700F6CC76 /* ClockView */,
				B76A75DD2391FFA700F6CC76 /* ClockViewTests */,
				B76A75E82391FFA700F6CC76 /* ClockViewUITests */,
			);
		};
/* End PBXProject section */

/* Begin PBXResourcesBuildPhase section */
		B76A75C42391FF9700F6CC76 /* Resources */ = {
			isa = PBXResourcesBuildPhase;
			buildActionMask = 2147483647;
			files = (
				B76A75D62391FFA700F6CC76 /* LaunchScreen.storyboard in Resources */,
				B76A75D32391FFA700F6CC76 /* Assets.xcassets in Resources */,
				B76A75D12391FF9700F6CC76 /* Main.storyboard in Resources */,
			);
			runOnlyForDeploymentPostprocessing = 0;
		};
		B76A75DC2391FFA700F6CC76 /* Resources */ = {
			isa = PBXResourcesBuildPhase;
			buildActionMask = 2147483647;
			files = (
			);
			runOnlyForDeploymentPostprocessing = 0;
		};
		B76A75E72391FFA700F6CC76 /* Resources */ = {
			isa = PBXResourcesBuildPhase;
			buildActionMask = 2147483647;
			files = (
			);
			runOnlyForDeploymentPostprocessing = 0;
		};
/* End PBXResourcesBuildPhase section */

/* Begin PBXSourcesBuildPhase section */
		B76A75C22391FF9700F6CC76 /* Sources */ = {
			isa = PBXSourcesBuildPhase;
			buildActionMask = 2147483647;
			files = (
				B76A75CE2391FF9700F6CC76 /* ViewController.m in Sources */,
				B76A76012392734B00F6CC76 /* ClockView.m in Sources */,
				B76A75D92391FFA700F6CC76 /* main.m in Sources */,
				B76A75CB2391FF9700F6CC76 /* AppDelegate.m in Sources */,
			);
			runOnlyForDeploymentPostprocessing = 0;
		};
		B76A75DA2391FFA700F6CC76 /* Sources */ = {
			isa = PBXSourcesBuildPhase;
			buildActionMask = 2147483647;
			files = (
				B76A75E32391FFA700F6CC76 /* ClockViewTests.m in Sources */,
			);
			runOnlyForDeploymentPostprocessing = 0;
		};
		B76A75E52391FFA700F6CC76 /* Sources */ = {
			isa = PBXSourcesBuildPhase;
			buildActionMask = 2147483647;
			files = (
				B76A75EE2391FFA700F6CC76 /* ClockViewUITests.m in Sources */,
			);
			runOnlyForDeploymentPostprocessing = 0;
		};
/* End PBXSourcesBuildPhase section */

/* Begin PBXTargetDependency section */
		B76A75E02391FFA700F6CC76 /* PBXTargetDependency */ = {
			isa = PBXTargetDependency;
			target = B76A75C52391FF9700F6CC76 /* ClockView */;
			targetProxy = B76A75DF2391FFA700F6CC76 /* PBXContainerItemProxy */;
		};
		B76A75EB2391FFA700F6CC76 /* PBXTargetDependency */ = {
			isa = PBXTargetDependency;
			target = B76A75C52391FF9700F6CC76 /* ClockView */;
			targetProxy = B76A75EA2391FFA700F6CC76 /* PBXContainerItemProxy */;
		};
/* End PBXTargetDependency section */

/* Begin PBXVariantGroup section */
		B76A75CF2391FF9700F6CC76 /* Main.storyboard */ = {
			isa = PBXVariantGroup;
			children = (
				B76A75D02391FF9700F6CC76 /* Base */,
			);
			name = Main.storyboard;
			sourceTree = "<group>";
		};
		B76A75D42391FFA700F6CC76 /* LaunchScreen.storyboard */ = {
			isa = PBXVariantGroup;
			children = (
				B76A75D52391FFA700F6CC76 /* Base */,
			);
			name = LaunchScreen.storyboard;
			sourceTree = "<group>";
		};
/* End PBXVariantGroup section */

/* Begin XCBuildConfiguration section */
		B76A75F02391FFA700F6CC76 /* Debug */ = {
			isa = XCBuildConfiguration;
			buildSettings = {
				ALWAYS_SEARCH_USER_PATHS = NO;
				CLANG_ANALYZER_NONNULL = YES;
				CLANG_ANALYZER_NUMBER_OBJECT_CONVERSION = YES_AGGRESSIVE;
				CLANG_CXX_LANGUAGE_STANDARD = "gnu++14";
				CLANG_CXX_LIBRARY = "libc++";
				CLANG_ENABLE_MODULES = YES;
				CLANG_ENABLE_OBJC_ARC = YES;
				CLANG_ENABLE_OBJC_WEAK = YES;
				CLANG_WARN_BLOCK_CAPTURE_AUTORELEASING = YES;
				CLANG_WARN_BOOL_CONVERSION = YES;
				CLANG_WARN_COMMA = YES;
				CLANG_WARN_CONSTANT_CONVERSION = YES;
				CLANG_WARN_DEPRECATED_OBJC_IMPLEMENTATIONS = YES;
				CLANG_WARN_DIRECT_OBJC_ISA_USAGE = YES_ERROR;
				CLANG_WARN_DOCUMENTATION_COMMENTS = YES;
				CLANG_WARN_EMPTY_BODY = YES;
				CLANG_WARN_ENUM_CONVERSION = YES;
				CLANG_WARN_INFINITE_RECURSION = YES;
				CLANG_WARN_INT_CONVERSION = YES;
				CLANG_WARN_NON_LITERAL_NULL_CONVERSION = YES;
				CLANG_WARN_OBJC_IMPLICIT_RETAIN_SELF = YES;
				CLANG_WARN_OBJC_LITERAL_CONVERSION = YES;
				CLANG_WARN_OBJC_ROOT_CLASS = YES_ERROR;
				CLANG_WARN_RANGE_LOOP_ANALYSIS = YES;
				CLANG_WARN_STRICT_PROTOTYPES = YES;
				CLANG_WARN_SUSPICIOUS_MOVE = YES;
				CLANG_WARN_UNGUARDED_AVAILABILITY = YES_AGGRESSIVE;
				CLANG_WARN_UNREACHABLE_CODE = YES;
				CLANG_WARN__DUPLICATE_METHOD_MATCH = YES;
				CODE_SIGN_IDENTITY = "iPhone Developer";
				COPY_PHASE_STRIP = NO;
				DEBUG_INFORMATION_FORMAT = dwarf;
				ENABLE_STRICT_OBJC_MSGSEND = YES;
				ENABLE_TESTABILITY = YES;
				GCC_C_LANGUAGE_STANDARD = gnu11;
				GCC_DYNAMIC_NO_PIC = NO;
				GCC_NO_COMMON_BLOCKS = YES;
				GCC_OPTIMIZATION_LEVEL = 0;
				GCC_PREPROCESSOR_DEFINITIONS = (
					"DEBUG=1",
					"$(inherited)",
				);
				GCC_WARN_64_TO_32_BIT_CONVERSION = YES;
				GCC_WARN_ABOUT_RETURN_TYPE = YES_ERROR;
				GCC_WARN_UNDECLARED_SELECTOR = YES;
				GCC_WARN_UNINITIALIZED_AUTOS = YES_AGGRESSIVE;
				GCC_WARN_UNUSED_FUNCTION = YES;
				GCC_WARN_UNUSED_VARIABLE = YES;
				IPHONEOS_DEPLOYMENT_TARGET = 12.1;
				MTL_ENABLE_DEBUG_INFO = INCLUDE_SOURCE;
				MTL_FAST_MATH = YES;
				ONLY_ACTIVE_ARCH = YES;
				SDKROOT = iphoneos;
			};
			name = Debug;
		};
		B76A75F12391FFA700F6CC76 /* Release */ = {
			isa = XCBuildConfiguration;
			buildSettings = {
				ALWAYS_SEARCH_USER_PATHS = NO;
				CLANG_ANALYZER_NONNULL = YES;
				CLANG_ANALYZER_NUMBER_OBJECT_CONVERSION = YES_AGGRESSIVE;
				CLANG_CXX_LANGUAGE_STANDARD = "gnu++14";
				CLANG_CXX_LIBRARY = "libc++";
				CLANG_ENABLE_MODULES = YES;
				CLANG_ENABLE_OBJC_ARC = YES;
				CLANG_ENABLE_OBJC_WEAK = YES;
				CLANG_WARN_BLOCK_CAPTURE_AUTORELEASING = YES;
				CLANG_WARN_BOOL_CONVERSION = YES;
				CLANG_WARN_COMMA = YES;
				CLANG_WARN_CONSTANT_CONVERSION = YES;
				CLANG_WARN_DEPRECATED_OBJC_IMPLEMENTATIONS = YES;
				CLANG_WARN_DIRECT_OBJC_ISA_USAGE = YES_ERROR;
				CLANG_WARN_DOCUMENTATION_COMMENTS = YES;
				CLANG_WARN_EMPTY_BODY = YES;
				CLANG_WARN_ENUM_CONVERSION = YES;
				CLANG_WARN_INFINITE_RECURSION = YES;
				CLANG_WARN_INT_CONVERSION = YES;
				CLANG_WARN_NON_LITERAL_NULL_CONVERSION = YES;
				CLANG_WARN_OBJC_IMPLICIT_RETAIN_SELF = YES;
				CLANG_WARN_OBJC_LITERAL_CONVERSION = YES;
				CLANG_WARN_OBJC_ROOT_CLASS = YES_ERROR;
				CLANG_WARN_RANGE_LOOP_ANALYSIS = YES;
				CLANG_WARN_STRICT_PROTOTYPES = YES;
				CLANG_WARN_SUSPICIOUS_MOVE = YES;
				CLANG_WARN_UNGUARDED_AVAILABILITY = YES_AGGRESSIVE;
				CLANG_WARN_UNREACHABLE_CODE = YES;
				CLANG_WARN__DUPLICATE_METHOD_MATCH = YES;
				CODE_SIGN_IDENTITY = "iPhone Developer";
				COPY_PHASE_STRIP = NO;
				DEBUG_INFORMATION_FORMAT = "dwarf-with-dsym";
				ENABLE_NS_ASSERTIONS = NO;
				ENABLE_STRICT_OBJC_MSGSEND = YES;
				GCC_C_LANGUAGE_STANDARD = gnu11;
				GCC_NO_COMMON_BLOCKS = YES;
				GCC_WARN_64_TO_32_BIT_CONVERSION = YES;
				GCC_WARN_ABOUT_RETURN_TYPE = YES_ERROR;
				GCC_WARN_UNDECLARED_SELECTOR = YES;
				GCC_WARN_UNINITIALIZED_AUTOS = YES_AGGRESSIVE;
				GCC_WARN_UNUSED_FUNCTION = YES;
				GCC_WARN_UNUSED_VARIABLE = YES;
				IPHONEOS_DEPLOYMENT_TARGET = 12.1;
				MTL_ENABLE_DEBUG_INFO = NO;
				MTL_FAST_MATH = YES;
				SDKROOT = iphoneos;
				VALIDATE_PRODUCT = YES;
			};
			name = Release;
		};
		B76A75F32391FFA700F6CC76 /* Debug */ = {
			isa = XCBuildConfiguration;
			buildSettings = {
				ASSETCATALOG_COMPILER_APPICON_NAME = AppIcon;
				CODE_SIGN_STYLE = Automatic;
				DEVELOPMENT_TEAM = "";
				INFOPLIST_FILE = ClockView/Info.plist;
				LD_RUNPATH_SEARCH_PATHS = (
					"$(inherited)",
					"@executable_path/Frameworks",
				);
				PRODUCT_BUNDLE_IDENTIFIER = changho.ClockView;
				PRODUCT_NAME = "$(TARGET_NAME)";
				TARGETED_DEVICE_FAMILY = "1,2";
			};
			name = Debug;
		};
		B76A75F42391FFA700F6CC76 /* Release */ = {
			isa = XCBuildConfiguration;
			buildSettings = {
				ASSETCATALOG_COMPILER_APPICON_NAME = AppIcon;
				CODE_SIGN_STYLE = Automatic;
				DEVELOPMENT_TEAM = "";
				INFOPLIST_FILE = ClockView/Info.plist;
				LD_RUNPATH_SEARCH_PATHS = (
					"$(inherited)",
					"@executable_path/Frameworks",
				);
				PRODUCT_BUNDLE_IDENTIFIER = changho.ClockView;
				PRODUCT_NAME = "$(TARGET_NAME)";
				TARGETED_DEVICE_FAMILY = "1,2";
			};
			name = Release;
		};
		B76A75F62391FFA700F6CC76 /* Debug */ = {
			isa = XCBuildConfiguration;
			buildSettings = {
				BUNDLE_LOADER = "$(TEST_HOST)";
				CODE_SIGN_STYLE = Automatic;
				INFOPLIST_FILE = ClockViewTests/Info.plist;
				LD_RUNPATH_SEARCH_PATHS = (
					"$(inherited)",
					"@executable_path/Frameworks",
					"@loader_path/Frameworks",
				);
				PRODUCT_BUNDLE_IDENTIFIER = changho.ClockViewTests;
				PRODUCT_NAME = "$(TARGET_NAME)";
				TARGETED_DEVICE_FAMILY = "1,2";
				TEST_HOST = "$(BUILT_PRODUCTS_DIR)/ClockView.app/ClockView";
			};
			name = Debug;
		};
		B76A75F72391FFA700F6CC76 /* Release */ = {
			isa = XCBuildConfiguration;
			buildSettings = {
				BUNDLE_LOADER = "$(TEST_HOST)";
				CODE_SIGN_STYLE = Automatic;
				INFOPLIST_FILE = ClockViewTests/Info.plist;
				LD_RUNPATH_SEARCH_PATHS = (
					"$(inherited)",
					"@executable_path/Frameworks",
					"@loader_path/Frameworks",
				);
				PRODUCT_BUNDLE_IDENTIFIER = changho.ClockViewTests;
				PRODUCT_NAME = "$(TARGET_NAME)";
				TARGETED_DEVICE_FAMILY = "1,2";
				TEST_HOST = "$(BUILT_PRODUCTS_DIR)/ClockView.app/ClockView";
			};
			name = Release;
		};
		B76A75F92391FFA700F6CC76 /* Debug */ = {
			isa = XCBuildConfiguration;
			buildSettings = {
				CODE_SIGN_STYLE = Automatic;
				INFOPLIST_FILE = ClockViewUITests/Info.plist;
				LD_RUNPATH_SEARCH_PATHS = (
					"$(inherited)",
					"@executable_path/Frameworks",
					"@loader_path/Frameworks",
				);
				PRODUCT_BUNDLE_IDENTIFIER = changho.ClockViewUITests;
				PRODUCT_NAME = "$(TARGET_NAME)";
				TARGETED_DEVICE_FAMILY = "1,2";
				TEST_TARGET_NAME = ClockView;
			};
			name = Debug;
		};
		B76A75FA2391FFA700F6CC76 /* Release */ = {
			isa = XCBuildConfiguration;
			buildSettings = {
				CODE_SIGN_STYLE = Automatic;
				INFOPLIST_FILE = ClockViewUITests/Info.plist;
				LD_RUNPATH_SEARCH_PATHS = (
					"$(inherited)",
					"@executable_path/Frameworks",
					"@loader_path/Frameworks",
				);
				PRODUCT_BUNDLE_IDENTIFIER = changho.ClockViewUITests;
				PRODUCT_NAME = "$(TARGET_NAME)";
				TARGETED_DEVICE_FAMILY = "1,2";
				TEST_TARGET_NAME = ClockView;
			};
			name = Release;
		};
/* End XCBuildConfiguration section */

/* Begin XCConfigurationList section */
		B76A75C12391FF9700F6CC76 /* Build configuration list for PBXProject "ClockView" */ = {
			isa = XCConfigurationList;
			buildConfigurations = (
				B76A75F02391FFA700F6CC76 /* Debug */,
				B76A75F12391FFA700F6CC76 /* Release */,
			);
			defaultConfigurationIsVisible = 0;
			defaultConfigurationName = Release;
		};
		B76A75F22391FFA700F6CC76 /* Build configuration list for PBXNativeTarget "ClockView" */ = {
			isa = XCConfigurationList;
			buildConfigurations = (
				B76A75F32391FFA700F6CC76 /* Debug */,
				B76A75F42391FFA700F6CC76 /* Release */,
			);
			defaultConfigurationIsVisible = 0;
			defaultConfigurationName = Release;
		};
		B76A75F52391FFA700F6CC76 /* Build configuration list for PBXNativeTarget "ClockViewTests" */ = {
			isa = XCConfigurationList;
			buildConfigurations = (
				B76A75F62391FFA700F6CC76 /* Debug */,
				B76A75F72391FFA700F6CC76 /* Release */,
			);
			defaultConfigurationIsVisible = 0;
			defaultConfigurationName = Release;
		};
		B76A75F82391FFA700F6CC76 /* Build configuration list for PBXNativeTarget "ClockViewUITests" */ = {
			isa = XCConfigurationList;
			buildConfigurations = (
				B76A75F92391FFA700F6CC76 /* Debug */,
				B76A75FA2391FFA700F6CC76 /* Release */,
			);
			defaultConfigurationIsVisible = 0;
			defaultConfigurationName = Release;
		};
/* End XCConfigurationList section */
	};
	rootObject = B76A75BE2391FF9700F6CC76 /* Project object */;
}
